{
  "name": "libadwaita-theme-changer",
  "version": "1.0.0",
  "lockfileVersion": 3,
  "requires": true,
  "packages": {
    "": {
      "name": "libadwaita-theme-changer",
      "version": "1.0.0",
      "license": "ISC",
      "dependencies": {
        "@types/chalk": "^2.2.0",
        "@types/figlet": "^1.5.6",
        "commander": "^10.0.1",
        "figlet": "^1.6.0"
      },
      "devDependencies": {
        "@types/node": "^20.2.5",
        "typescript": "^5.1.3"
      }
    },
    "node_modules/@types/chalk": {
      "version": "2.2.0",
      "resolved": "https://registry.npmjs.org/@types/chalk/-/chalk-2.2.0.tgz",
      "integrity": "sha512-1zzPV9FDe1I/WHhRkf9SNgqtRJWZqrBWgu7JGveuHmmyR9CnAPCie2N/x+iHrgnpYBIcCJWHBoMRv2TRWktsvw==",
      "deprecated": "This is a stub types definition for chalk (https://github.com/chalk/chalk). chalk provides its own type definitions, so you don't need @types/chalk installed!",
      "dependencies": {
        "chalk": "*"
      }
    },
    "node_modules/@types/figlet": {
      "version": "1.5.6",
      "resolved": "https://registry.npmjs.org/@types/figlet/-/figlet-1.5.6.tgz",
      "integrity": "sha512-AOdn9cKJGXpqfHeif16xeGMwWefB4nsOyxkdRMpc+PEP3nUxzu3psJfIqhjrCNW4Sejt5i6rISWmEwK0sw03mA=="
    },
    "node_modules/@types/node": {
      "version": "20.2.5",
      "resolved": "https://registry.npmjs.org/@types/node/-/node-20.2.5.tgz",
      "integrity": "sha512-JJulVEQXmiY9Px5axXHeYGLSjhkZEnD+MDPDGbCbIAbMslkKwmygtZFy1X6s/075Yo94sf8GuSlFfPzysQrWZQ==",
      "dev": true
    },
    "node_modules/chalk": {
      "version": "5.2.0",
      "resolved": "https://registry.npmjs.org/chalk/-/chalk-5.2.0.tgz",
      "integrity": "sha512-ree3Gqw/nazQAPuJJEy+avdl7QfZMcUvmHIKgEZkGL+xOBzRvup5Hxo6LHuMceSxOabuJLJm5Yp/92R9eMmMvA==",
      "engines": {
        "node": "^12.17.0 || ^14.13 || >=16.0.0"
      },
      "funding": {
        "url": "https://github.com/chalk/chalk?sponsor=1"
      }
    },
    "node_modules/commander": {
      "version": "10.0.1",
      "resolved": "https://registry.npmjs.org/commander/-/commander-10.0.1.tgz",
      "integrity": "sha512-y4Mg2tXshplEbSGzx7amzPwKKOCGuoSRP/CjEdwwk0FOGlUbq6lKuoyDZTNZkmxHdJtp54hdfY/JUrdL7Xfdug==",
      "engines": {
        "node": ">=14"
      }
    },
    "node_modules/figlet": {
      "version": "1.6.0",
      "resolved": "https://registry.npmjs.org/figlet/-/figlet-1.6.0.tgz",
      "integrity": "sha512-31EQGhCEITv6+hi2ORRPyn3bulaV9Fl4xOdR169cBzH/n1UqcxsiSB/noo6SJdD7Kfb1Ljit+IgR1USvF/XbdA==",
      "bin": {
        "figlet": "bin/index.js"
      },
      "engines": {
        "node": ">= 0.4.0"
      }
    },
    "node_modules/typescript": {
      "version": "5.1.3",
      "resolved": "https://registry.npmjs.org/typescript/-/typescript-5.1.3.tgz",
      "integrity": "sha512-XH627E9vkeqhlZFQuL+UsyAXEnibT0kWR2FWONlr4sTjvxyJYnyefgrkyECLzM5NenmKzRAy2rR/OlYLA1HkZw==",
      "dev": true,
      "bin": {
        "tsc": "bin/tsc",
        "tsserver": "bin/tsserver"
      },
      "engines": {
        "node": ">=14.17"
      }
    }
  }
}
